
Microsoft Visual Studio Solution File, Format Version 12.00
# Visual Studio Version 17
VisualStudioVersion = 17.2.32519.379
MinimumVisualStudioVersion = 10.0.40219.1
Project("{888888A0-9F3D-457C-B088-3A5042F75D52}") = "karinasoldatenko ispravlenie", "karinasoldatenko ispravlenie.pyproj", "{4CCFE48F-3765-41B6-BE37-0BE7380140EB}"
EndProject
Global
	GlobalSection(SolutionConfigurationPlatforms) = preSolution
		Debug|Any CPU = Debug|Any CPU
		Release|Any CPU = Release|Any CPU
	EndGlobalSection
	GlobalSection(ProjectConfigurationPlatforms) = postSolution
		{4CCFE48F-3765-41B6-BE37-0BE7380140EB}.Debug|Any CPU.ActiveCfg = Debug|Any CPU
		{4CCFE48F-3765-41B6-BE37-0BE7380140EB}.Release|Any CPU.ActiveCfg = Release|Any CPU
	EndGlobalSection
	GlobalSection(SolutionProperties) = preSolution
		HideSolutionNode = FALSE
	EndGlobalSection
	GlobalSection(ExtensibilityGlobals) = postSolution
		SolutionGuid = {7F7EAEC9-93C5-4C1D-8691-001395F09E7E}
	EndGlobalSection
EndGlobal
